
Microsoft Visual Studio Solution File, Format Version 12.00
# Visual Studio Version 17
VisualStudioVersion = 17.14.36429.23 d17.14
MinimumVisualStudioVersion = 10.0.40219.1
Project("{FAE04EC0-301F-11D3-BF4B-00C04F79EFBC}") = "Test_Task", "Test_Task.csproj", "{7F93D362-B57F-4CAB-8FC9-3995D86D7E06}"
EndProject
Global
	GlobalSection(SolutionConfigurationPlatforms) = preSolution
		Debug|Any CPU = Debug|Any CPU
		Release|Any CPU = Release|Any CPU
	EndGlobalSection
	GlobalSection(ProjectConfigurationPlatforms) = postSolution
		{7F93D362-B57F-4CAB-8FC9-3995D86D7E06}.Debug|Any CPU.ActiveCfg = Debug|Any CPU
		{7F93D362-B57F-4CAB-8FC9-3995D86D7E06}.Debug|Any CPU.Build.0 = Debug|Any CPU
		{7F93D362-B57F-4CAB-8FC9-3995D86D7E06}.Release|Any CPU.ActiveCfg = Release|Any CPU
		{7F93D362-B57F-4CAB-8FC9-3995D86D7E06}.Release|Any CPU.Build.0 = Release|Any CPU
	EndGlobalSection
	GlobalSection(SolutionProperties) = preSolution
		HideSolutionNode = FALSE
	EndGlobalSection
	GlobalSection(ExtensibilityGlobals) = postSolution
		SolutionGuid = {DF8EF0AD-F683-40DA-AF05-834BFB7BD521}
	EndGlobalSection
EndGlobal
